
Microsoft Visual Studio Solution File, Format Version 12.00
# Visual Studio Version 16
VisualStudioVersion = 16.0.30104.148
MinimumVisualStudioVersion = 10.0.40219.1
Project("{159641D6-6404-4A2A-AE62-294DE0FE8301}") = "Exportar_datos_Postgres_a_SQLServer", "IS Base migración\Exportar_datos_Postgres_a_SQLServer.dtproj", "{3A1AB889-1D7C-4292-B334-28627FA17D3A}"
EndProject
Project("{D2ABAB84-BF74-430A-B69E-9DC6D40DDA17}") = "ProyectoMultidimensional_Practicas", "ProyectoMultidimensional_Practicas\ProyectoMultidimensional_Practicas.dwproj", "{90F7B001-97AF-4998-A55B-1645732C83FE}"
EndProject
Project("{F14B399A-7131-4C87-9E4B-1186C45EF12D}") = "ProyectoInformePracticas", "ProyectoInformePracticas\ProyectoInformePracticas.rptproj", "{F31A16CC-D84D-482D-8E5A-19BA59AB842E}"
EndProject
Project("{F14B399A-7131-4C87-9E4B-1186C45EF12D}") = "ProyectoInformeNotas", "ProyectoInformeNotas\ProyectoInformeNotas.rptproj", "{4F52F8AA-E0C6-4E48-94FD-7FE58A6A9249}"
EndProject
Global
	GlobalSection(SolutionConfigurationPlatforms) = preSolution
		Debug|x86 = Debug|x86
		DebugLocal|x86 = DebugLocal|x86
		Development|x86 = Development|x86
		Release|x86 = Release|x86
	EndGlobalSection
	GlobalSection(ProjectConfigurationPlatforms) = postSolution
		{3A1AB889-1D7C-4292-B334-28627FA17D3A}.Debug|x86.ActiveCfg = Development
		{3A1AB889-1D7C-4292-B334-28627FA17D3A}.Debug|x86.Build.0 = Development
		{3A1AB889-1D7C-4292-B334-28627FA17D3A}.DebugLocal|x86.ActiveCfg = Development
		{3A1AB889-1D7C-4292-B334-28627FA17D3A}.DebugLocal|x86.Build.0 = Development
		{3A1AB889-1D7C-4292-B334-28627FA17D3A}.Development|x86.ActiveCfg = Development
		{3A1AB889-1D7C-4292-B334-28627FA17D3A}.Development|x86.Build.0 = Development
		{3A1AB889-1D7C-4292-B334-28627FA17D3A}.Release|x86.ActiveCfg = Development
		{3A1AB889-1D7C-4292-B334-28627FA17D3A}.Release|x86.Build.0 = Development
		{90F7B001-97AF-4998-A55B-1645732C83FE}.Debug|x86.ActiveCfg = Development
		{90F7B001-97AF-4998-A55B-1645732C83FE}.Debug|x86.Build.0 = Development
		{90F7B001-97AF-4998-A55B-1645732C83FE}.Debug|x86.Deploy.0 = Development
		{90F7B001-97AF-4998-A55B-1645732C83FE}.DebugLocal|x86.ActiveCfg = Development
		{90F7B001-97AF-4998-A55B-1645732C83FE}.DebugLocal|x86.Build.0 = Development
		{90F7B001-97AF-4998-A55B-1645732C83FE}.DebugLocal|x86.Deploy.0 = Development
		{90F7B001-97AF-4998-A55B-1645732C83FE}.Development|x86.ActiveCfg = Development
		{90F7B001-97AF-4998-A55B-1645732C83FE}.Development|x86.Build.0 = Development
		{90F7B001-97AF-4998-A55B-1645732C83FE}.Development|x86.Deploy.0 = Development
		{90F7B001-97AF-4998-A55B-1645732C83FE}.Release|x86.ActiveCfg = Development
		{90F7B001-97AF-4998-A55B-1645732C83FE}.Release|x86.Build.0 = Development
		{90F7B001-97AF-4998-A55B-1645732C83FE}.Release|x86.Deploy.0 = Development
		{F31A16CC-D84D-482D-8E5A-19BA59AB842E}.Debug|x86.ActiveCfg = Debug
		{F31A16CC-D84D-482D-8E5A-19BA59AB842E}.Debug|x86.Build.0 = Debug
		{F31A16CC-D84D-482D-8E5A-19BA59AB842E}.Debug|x86.Deploy.0 = Debug
		{F31A16CC-D84D-482D-8E5A-19BA59AB842E}.DebugLocal|x86.ActiveCfg = DebugLocal
		{F31A16CC-D84D-482D-8E5A-19BA59AB842E}.DebugLocal|x86.Build.0 = DebugLocal
		{F31A16CC-D84D-482D-8E5A-19BA59AB842E}.Development|x86.ActiveCfg = Debug
		{F31A16CC-D84D-482D-8E5A-19BA59AB842E}.Development|x86.Build.0 = Debug
		{F31A16CC-D84D-482D-8E5A-19BA59AB842E}.Development|x86.Deploy.0 = Debug
		{F31A16CC-D84D-482D-8E5A-19BA59AB842E}.Release|x86.ActiveCfg = Release
		{F31A16CC-D84D-482D-8E5A-19BA59AB842E}.Release|x86.Build.0 = Release
		{F31A16CC-D84D-482D-8E5A-19BA59AB842E}.Release|x86.Deploy.0 = Release
		{4F52F8AA-E0C6-4E48-94FD-7FE58A6A9249}.Debug|x86.ActiveCfg = Debug
		{4F52F8AA-E0C6-4E48-94FD-7FE58A6A9249}.Debug|x86.Build.0 = Debug
		{4F52F8AA-E0C6-4E48-94FD-7FE58A6A9249}.Debug|x86.Deploy.0 = Debug
		{4F52F8AA-E0C6-4E48-94FD-7FE58A6A9249}.DebugLocal|x86.ActiveCfg = DebugLocal
		{4F52F8AA-E0C6-4E48-94FD-7FE58A6A9249}.DebugLocal|x86.Build.0 = DebugLocal
		{4F52F8AA-E0C6-4E48-94FD-7FE58A6A9249}.DebugLocal|x86.Deploy.0 = DebugLocal
		{4F52F8AA-E0C6-4E48-94FD-7FE58A6A9249}.Development|x86.ActiveCfg = 
		{4F52F8AA-E0C6-4E48-94FD-7FE58A6A9249}.Development|x86.Build.0 = 
		{4F52F8AA-E0C6-4E48-94FD-7FE58A6A9249}.Development|x86.Deploy.0 = 
		{4F52F8AA-E0C6-4E48-94FD-7FE58A6A9249}.Release|x86.ActiveCfg = Release
		{4F52F8AA-E0C6-4E48-94FD-7FE58A6A9249}.Release|x86.Build.0 = Release
		{4F52F8AA-E0C6-4E48-94FD-7FE58A6A9249}.Release|x86.Deploy.0 = Release
	EndGlobalSection
	GlobalSection(SolutionProperties) = preSolution
		HideSolutionNode = FALSE
	EndGlobalSection
	GlobalSection(ExtensibilityGlobals) = postSolution
		SolutionGuid = {531B0E5F-0EB7-44CC-9896-738C80422829}
	EndGlobalSection
EndGlobal
